
Microsoft Visual Studio Solution File, Format Version 12.00
# Visual Studio Version 16
VisualStudioVersion = 16.0.28803.202
MinimumVisualStudioVersion = 10.0.40219.1
Project("{8BC9CEB8-8B4A-11D0-8D11-00A0C91BC942}") = "Hashmap", "Hashmap\Hashmap.vcxproj", "{1E4FBFA8-9B16-4880-B02B-CD8907F4C9ED}"
EndProject
Global
	GlobalSection(SolutionConfigurationPlatforms) = preSolution
		Debug|x64 = Debug|x64
		Debug|x86 = Debug|x86
		Release|x64 = Release|x64
		Release|x86 = Release|x86
	EndGlobalSection
	GlobalSection(ProjectConfigurationPlatforms) = postSolution
		{1E4FBFA8-9B16-4880-B02B-CD8907F4C9ED}.Debug|x64.ActiveCfg = Debug|x64
		{1E4FBFA8-9B16-4880-B02B-CD8907F4C9ED}.Debug|x64.Build.0 = Debug|x64
		{1E4FBFA8-9B16-4880-B02B-CD8907F4C9ED}.Debug|x86.ActiveCfg = Debug|Win32
		{1E4FBFA8-9B16-4880-B02B-CD8907F4C9ED}.Debug|x86.Build.0 = Debug|Win32
		{1E4FBFA8-9B16-4880-B02B-CD8907F4C9ED}.Release|x64.ActiveCfg = Release|x64
		{1E4FBFA8-9B16-4880-B02B-CD8907F4C9ED}.Release|x64.Build.0 = Release|x64
		{1E4FBFA8-9B16-4880-B02B-CD8907F4C9ED}.Release|x86.ActiveCfg = Release|Win32
		{1E4FBFA8-9B16-4880-B02B-CD8907F4C9ED}.Release|x86.Build.0 = Release|Win32
	EndGlobalSection
	GlobalSection(SolutionProperties) = preSolution
		HideSolutionNode = FALSE
	EndGlobalSection
	GlobalSection(ExtensibilityGlobals) = postSolution
		SolutionGuid = {9344F3E9-D999-46E5-9D8D-EBE1A262C94F}
	EndGlobalSection
EndGlobal
